<?xml version="1.0" encoding="utf-8"?>
<Project ToolsVersion="4.0" xmlns="http://schemas.microsoft.com/developer/msbuild/2003">
  <ItemGroup>
    <ClCompile Include="Management.cpp" />
    <ClCompile Include="Sorting.cpp" />
    <ClCompile Include="student.cpp" />
    <ClCompile Include="student_search.cpp" />
    <ClCompile Include="main_menu.cpp" />
  </ItemGroup>
  <ItemGroup>
    <ClInclude Include="Management.h" />
    <ClInclude Include="insertion.cpp" />
    <ClInclude Include="insertion.h" />
    <ClInclude Include="sort.h" />
    <ClInclude Include="student.h" />
    <ClInclude Include="student_search.h" />
    <ClInclude Include="main_menu.h" />
  </ItemGroup>
</Project>